
Microsoft Visual Studio Solution File, Format Version 12.00
# Visual Studio Version 17
VisualStudioVersion = 17.14.36930.0 d17.14
MinimumVisualStudioVersion = 10.0.40219.1
Project("{FAE04EC0-301F-11D3-BF4B-00C04F79EFBC}") = "WinFormsApp1", "WinFormsApp1.csproj", "{2FACC098-9BD6-4BE1-A677-403B62DD94BE}"
EndProject
Global
	GlobalSection(SolutionConfigurationPlatforms) = preSolution
		Debug|Any CPU = Debug|Any CPU
		Release|Any CPU = Release|Any CPU
	EndGlobalSection
	GlobalSection(ProjectConfigurationPlatforms) = postSolution
		{2FACC098-9BD6-4BE1-A677-403B62DD94BE}.Debug|Any CPU.ActiveCfg = Debug|Any CPU
		{2FACC098-9BD6-4BE1-A677-403B62DD94BE}.Debug|Any CPU.Build.0 = Debug|Any CPU
		{2FACC098-9BD6-4BE1-A677-403B62DD94BE}.Release|Any CPU.ActiveCfg = Release|Any CPU
		{2FACC098-9BD6-4BE1-A677-403B62DD94BE}.Release|Any CPU.Build.0 = Release|Any CPU
	EndGlobalSection
	GlobalSection(SolutionProperties) = preSolution
		HideSolutionNode = FALSE
	EndGlobalSection
	GlobalSection(ExtensibilityGlobals) = postSolution
		SolutionGuid = {0414E038-E185-4FC8-BABD-3EAB5875ED61}
	EndGlobalSection
EndGlobal
